// !$*UTF8*$!
{
	archiveVersion = 1;
	classes = {
	};
	objectVersion = 46;
	objects = {

/* Begin PBXBuildFile section */
		B07339791A20CF38003A1A38 /* main.m in Sources */ = {isa = PBXBuildFile; fileRef = B07339781A20CF38003A1A38 /* main.m */; };
		B073397C1A20CF38003A1A38 /* AppDelegate.m in Sources */ = {isa = PBXBuildFile; fileRef = B073397B1A20CF38003A1A38 /* AppDelegate.m */; };
		B073397F1A20CF38003A1A38 /* ViewController.m in Sources */ = {isa = PBXBuildFile; fileRef = B073397E1A20CF38003A1A38 /* ViewController.m */; };
		B07339821A20CF38003A1A38 /* Main.storyboard in Resources */ = {isa = PBXBuildFile; fileRef = B07339801A20CF38003A1A38 /* Main.storyboard */; };
		B07339841A20CF38003A1A38 /* Images.xcassets in Resources */ = {isa = PBXBuildFile; fileRef = B07339831A20CF38003A1A38 /* Images.xcassets */; };
		B07339871A20CF38003A1A38 /* LaunchScreen.xib in Resources */ = {isa = PBXBuildFile; fileRef = B07339851A20CF38003A1A38 /* LaunchScreen.xib */; };
		B07339931A20CF38003A1A38 /* _1____Tests.m in Sources */ = {isa = PBXBuildFile; fileRef = B07339921A20CF38003A1A38 /* _1____Tests.m */; };
/* End PBXBuildFile section */

/* Begin PBXContainerItemProxy section */
		B073398D1A20CF38003A1A38 /* PBXContainerItemProxy */ = {
			isa = PBXContainerItemProxy;
			containerPortal = B073396B1A20CF38003A1A38 /* Project object */;
			proxyType = 1;
			remoteGlobalIDString = B07339721A20CF38003A1A38;
			remoteInfo = "01.聊天室";
		};
/* End PBXContainerItemProxy section */

/* Begin PBXFileReference section */
		B07339731A20CF38003A1A38 /* 01.聊天室.app */ = {isa = PBXFileReference; explicitFileType = wrapper.application; includeInIndex = 0; path = "01.聊天室.app"; sourceTree = BUILT_PRODUCTS_DIR; };
		B07339771A20CF38003A1A38 /* Info.plist */ = {isa = PBXFileReference; lastKnownFileType = text.plist.xml; path = Info.plist; sourceTree = "<group>"; };
		B07339781A20CF38003A1A38 /* main.m */ = {isa = PBXFileReference; lastKnownFileType = sourcecode.c.objc; path = main.m; sourceTree = "<group>"; };
		B073397A1A20CF38003A1A38 /* AppDelegate.h */ = {isa = PBXFileReference; lastKnownFileType = sourcecode.c.h; path = AppDelegate.h; sourceTree = "<group>"; };
		B073397B1A20CF38003A1A38 /* AppDelegate.m */ = {isa = PBXFileReference; lastKnownFileType = sourcecode.c.objc; path = AppDelegate.m; sourceTree = "<group>"; };
		B073397D1A20CF38003A1A38 /* ViewController.h */ = {isa = PBXFileReference; lastKnownFileType = sourcecode.c.h; path = ViewController.h; sourceTree = "<group>"; };
		B073397E1A20CF38003A1A38 /* ViewController.m */ = {isa = PBXFileReference; lastKnownFileType = sourcecode.c.objc; path = ViewController.m; sourceTree = "<group>"; };
		B07339811A20CF38003A1A38 /* Base */ = {isa = PBXFileReference; lastKnownFileType = file.storyboard; name = Base; path = Base.lproj/Main.storyboard; sourceTree = "<group>"; };
		B07339831A20CF38003A1A38 /* Images.xcassets */ = {isa = PBXFileReference; lastKnownFileType = folder.assetcatalog; path = Images.xcassets; sourceTree = "<group>"; };
		B07339861A20CF38003A1A38 /* Base */ = {isa = PBXFileReference; lastKnownFileType = file.xib; name = Base; path = Base.lproj/LaunchScreen.xib; sourceTree = "<group>"; };
		B073398C1A20CF38003A1A38 /* 01.聊天室Tests.xctest */ = {isa = PBXFileReference; explicitFileType = wrapper.cfbundle; includeInIndex = 0; path = "01.聊天室Tests.xctest"; sourceTree = BUILT_PRODUCTS_DIR; };
		B07339911A20CF38003A1A38 /* Info.plist */ = {isa = PBXFileReference; lastKnownFileType = text.plist.xml; path = Info.plist; sourceTree = "<group>"; };
		B07339921A20CF38003A1A38 /* _1____Tests.m */ = {isa = PBXFileReference; lastKnownFileType = sourcecode.c.objc; path = "_1____Tests.m"; sourceTree = "<group>"; };
/* End PBXFileReference section */

/* Begin PBXFrameworksBuildPhase section */
		B07339701A20CF38003A1A38 /* Frameworks */ = {
			isa = PBXFrameworksBuildPhase;
			buildActionMask = 2147483647;
			files = (
			);
			runOnlyForDeploymentPostprocessing = 0;
		};
		B07339891A20CF38003A1A38 /* Frameworks */ = {
			isa = PBXFrameworksBuildPhase;
			buildActionMask = 2147483647;
			files = (
			);
			runOnlyForDeploymentPostprocessing = 0;
		};
/* End PBXFrameworksBuildPhase section */

/* Begin PBXGroup section */
		B073396A1A20CF38003A1A38 = {
			isa = PBXGroup;
			children = (
				B07339751A20CF38003A1A38 /* 01.聊天室 */,
				B073398F1A20CF38003A1A38 /* 01.聊天室Tests */,
				B07339741A20CF38003A1A38 /* Products */,
			);
			sourceTree = "<group>";
		};
		B07339741A20CF38003A1A38 /* Products */ = {
			isa = PBXGroup;
			children = (
				B07339731A20CF38003A1A38 /* 01.聊天室.app */,
				B073398C1A20CF38003A1A38 /* 01.聊天室Tests.xctest */,
			);
			name = Products;
			sourceTree = "<group>";
		};
		B07339751A20CF38003A1A38 /* 01.聊天室 */ = {
			isa = PBXGroup;
			children = (
				B073397A1A20CF38003A1A38 /* AppDelegate.h */,
				B073397B1A20CF38003A1A38 /* AppDelegate.m */,
				B073397D1A20CF38003A1A38 /* ViewController.h */,
				B073397E1A20CF38003A1A38 /* ViewController.m */,
				B07339801A20CF38003A1A38 /* Main.storyboard */,
				B07339831A20CF38003A1A38 /* Images.xcassets */,
				B07339851A20CF38003A1A38 /* LaunchScreen.xib */,
				B07339761A20CF38003A1A38 /* Supporting Files */,
			);
			path = "01.聊天室";
			sourceTree = "<group>";
		};
		B07339761A20CF38003A1A38 /* Supporting Files */ = {
			isa = PBXGroup;
			children = (
				B07339771A20CF38003A1A38 /* Info.plist */,
				B07339781A20CF38003A1A38 /* main.m */,
			);
			name = "Supporting Files";
			sourceTree = "<group>";
		};
		B073398F1A20CF38003A1A38 /* 01.聊天室Tests */ = {
			isa = PBXGroup;
			children = (
				B07339921A20CF38003A1A38 /* _1____Tests.m */,
				B07339901A20CF38003A1A38 /* Supporting Files */,
			);
			path = "01.聊天室Tests";
			sourceTree = "<group>";
		};
		B07339901A20CF38003A1A38 /* Supporting Files */ = {
			isa = PBXGroup;
			children = (
				B07339911A20CF38003A1A38 /* Info.plist */,
			);
			name = "Supporting Files";
			sourceTree = "<group>";
		};
/* End PBXGroup section */

/* Begin PBXNativeTarget section */
		B07339721A20CF38003A1A38 /* 01.聊天室 */ = {
			isa = PBXNativeTarget;
			buildConfigurationList = B07339961A20CF38003A1A38 /* Build configuration list for PBXNativeTarget "01.聊天室" */;
			buildPhases = (
				B073396F1A20CF38003A1A38 /* Sources */,
				B07339701A20CF38003A1A38 /* Frameworks */,
				B07339711A20CF38003A1A38 /* Resources */,
			);
			buildRules = (
			);
			dependencies = (
			);
			name = "01.聊天室";
			productName = "01.聊天室";
			productReference = B07339731A20CF38003A1A38 /* 01.聊天室.app */;
			productType = "com.apple.product-type.application";
		};
		B073398B1A20CF38003A1A38 /* 01.聊天室Tests */ = {
			isa = PBXNativeTarget;
			buildConfigurationList = B07339991A20CF38003A1A38 /* Build configuration list for PBXNativeTarget "01.聊天室Tests" */;
			buildPhases = (
				B07339881A20CF38003A1A38 /* Sources */,
				B07339891A20CF38003A1A38 /* Frameworks */,
				B073398A1A20CF38003A1A38 /* Resources */,
			);
			buildRules = (
			);
			dependencies = (
				B073398E1A20CF38003A1A38 /* PBXTargetDependency */,
			);
			name = "01.聊天室Tests";
			productName = "01.聊天室Tests";
			productReference = B073398C1A20CF38003A1A38 /* 01.聊天室Tests.xctest */;
			productType = "com.apple.product-type.bundle.unit-test";
		};
/* End PBXNativeTarget section */

/* Begin PBXProject section */
		B073396B1A20CF38003A1A38 /* Project object */ = {
			isa = PBXProject;
			attributes = {
				LastUpgradeCheck = 0610;
				ORGANIZATIONNAME = Fung;
				TargetAttributes = {
					B07339721A20CF38003A1A38 = {
						CreatedOnToolsVersion = 6.1;
					};
					B073398B1A20CF38003A1A38 = {
						CreatedOnToolsVersion = 6.1;
						TestTargetID = B07339721A20CF38003A1A38;
					};
				};
			};
			buildConfigurationList = B073396E1A20CF38003A1A38 /* Build configuration list for PBXProject "01.聊天室" */;
			compatibilityVersion = "Xcode 3.2";
			developmentRegion = English;
			hasScannedForEncodings = 0;
			knownRegions = (
				en,
				Base,
			);
			mainGroup = B073396A1A20CF38003A1A38;
			productRefGroup = B07339741A20CF38003A1A38 /* Products */;
			projectDirPath = "";
			projectRoot = "";
			targets = (
				B07339721A20CF38003A1A38 /* 01.聊天室 */,
				B073398B1A20CF38003A1A38 /* 01.聊天室Tests */,
			);
		};
/* End PBXProject section */

/* Begin PBXResourcesBuildPhase section */
		B07339711A20CF38003A1A38 /* Resources */ = {
			isa = PBXResourcesBuildPhase;
			buildActionMask = 2147483647;
			files = (
				B07339821A20CF38003A1A38 /* Main.storyboard in Resources */,
				B07339871A20CF38003A1A38 /* LaunchScreen.xib in Resources */,
				B07339841A20CF38003A1A38 /* Images.xcassets in Resources */,
			);
			runOnlyForDeploymentPostprocessing = 0;
		};
		B073398A1A20CF38003A1A38 /* Resources */ = {
			isa = PBXResourcesBuildPhase;
			buildActionMask = 2147483647;
			files = (
			);
			runOnlyForDeploymentPostprocessing = 0;
		};
/* End PBXResourcesBuildPhase section */

/* Begin PBXSourcesBuildPhase section */
		B073396F1A20CF38003A1A38 /* Sources */ = {
			isa = PBXSourcesBuildPhase;
			buildActionMask = 2147483647;
			files = (
				B073397F1A20CF38003A1A38 /* ViewController.m in Sources */,
				B073397C1A20CF38003A1A38 /* AppDelegate.m in Sources */,
				B07339791A20CF38003A1A38 /* main.m in Sources */,
			);
			runOnlyForDeploymentPostprocessing = 0;
		};
		B07339881A20CF38003A1A38 /* Sources */ = {
			isa = PBXSourcesBuildPhase;
			buildActionMask = 2147483647;
			files = (
				B07339931A20CF38003A1A38 /* _1____Tests.m in Sources */,
			);
			runOnlyForDeploymentPostprocessing = 0;
		};
/* End PBXSourcesBuildPhase section */

/* Begin PBXTargetDependency section */
		B073398E1A20CF38003A1A38 /* PBXTargetDependency */ = {
			isa = PBXTargetDependency;
			target = B07339721A20CF38003A1A38 /* 01.聊天室 */;
			targetProxy = B073398D1A20CF38003A1A38 /* PBXContainerItemProxy */;
		};
/* End PBXTargetDependency section */

/* Begin PBXVariantGroup section */
		B07339801A20CF38003A1A38 /* Main.storyboard */ = {
			isa = PBXVariantGroup;
			children = (
				B07339811A20CF38003A1A38 /* Base */,
			);
			name = Main.storyboard;
			sourceTree = "<group>";
		};
		B07339851A20CF38003A1A38 /* LaunchScreen.xib */ = {
			isa = PBXVariantGroup;
			children = (
				B07339861A20CF38003A1A38 /* Base */,
			);
			name = LaunchScreen.xib;
			sourceTree = "<group>";
		};
/* End PBXVariantGroup section */

/* Begin XCBuildConfiguration section */
		B07339941A20CF38003A1A38 /* Debug */ = {
			isa = XCBuildConfiguration;
			buildSettings = {
				ALWAYS_SEARCH_USER_PATHS = NO;
				CLANG_CXX_LANGUAGE_STANDARD = "gnu++0x";
				CLANG_CXX_LIBRARY = "libc++";
				CLANG_ENABLE_MODULES = YES;
				CLANG_ENABLE_OBJC_ARC = YES;
				CLANG_WARN_BOOL_CONVERSION = YES;
				CLANG_WARN_CONSTANT_CONVERSION = YES;
				CLANG_WARN_DIRECT_OBJC_ISA_USAGE = YES_ERROR;
				CLANG_WARN_EMPTY_BODY = YES;
				CLANG_WARN_ENUM_CONVERSION = YES;
				CLANG_WARN_INT_CONVERSION = YES;
				CLANG_WARN_OBJC_ROOT_CLASS = YES_ERROR;
				CLANG_WARN_UNREACHABLE_CODE = YES;
				CLANG_WARN__DUPLICATE_METHOD_MATCH = YES;
				"CODE_SIGN_IDENTITY[sdk=iphoneos*]" = "iPhone Developer";
				COPY_PHASE_STRIP = NO;
				ENABLE_STRICT_OBJC_MSGSEND = YES;
				GCC_C_LANGUAGE_STANDARD = gnu99;
				GCC_DYNAMIC_NO_PIC = NO;
				GCC_OPTIMIZATION_LEVEL = 0;
				GCC_PREPROCESSOR_DEFINITIONS = (
					"DEBUG=1",
					"$(inherited)",
				);
				GCC_SYMBOLS_PRIVATE_EXTERN = NO;
				GCC_WARN_64_TO_32_BIT_CONVERSION = YES;
				GCC_WARN_ABOUT_RETURN_TYPE = YES_ERROR;
				GCC_WARN_UNDECLARED_SELECTOR = YES;
				GCC_WARN_UNINITIALIZED_AUTOS = YES_AGGRESSIVE;
				GCC_WARN_UNUSED_FUNCTION = YES;
				GCC_WARN_UNUSED_VARIABLE = YES;
				IPHONEOS_DEPLOYMENT_TARGET = 8.1;
				MTL_ENABLE_DEBUG_INFO = YES;
				ONLY_ACTIVE_ARCH = YES;
				SDKROOT = iphoneos;
			};
			name = Debug;
		};
		B07339951A20CF38003A1A38 /* Release */ = {
			isa = XCBuildConfiguration;
			buildSettings = {
				ALWAYS_SEARCH_USER_PATHS = NO;
				CLANG_CXX_LANGUAGE_STANDARD = "gnu++0x";
				CLANG_CXX_LIBRARY = "libc++";
				CLANG_ENABLE_MODULES = YES;
				CLANG_ENABLE_OBJC_ARC = YES;
				CLANG_WARN_BOOL_CONVERSION = YES;
				CLANG_WARN_CONSTANT_CONVERSION = YES;
				CLANG_WARN_DIRECT_OBJC_ISA_USAGE = YES_ERROR;
				CLANG_WARN_EMPTY_BODY = YES;
				CLANG_WARN_ENUM_CONVERSION = YES;
				CLANG_WARN_INT_CONVERSION = YES;
				CLANG_WARN_OBJC_ROOT_CLASS = YES_ERROR;
				CLANG_WARN_UNREACHABLE_CODE = YES;
				CLANG_WARN__DUPLICATE_METHOD_MATCH = YES;
				"CODE_SIGN_IDENTITY[sdk=iphoneos*]" = "iPhone Developer";
				COPY_PHASE_STRIP = YES;
				ENABLE_NS_ASSERTIONS = NO;
				ENABLE_STRICT_OBJC_MSGSEND = YES;
				GCC_C_LANGUAGE_STANDARD = gnu99;
				GCC_WARN_64_TO_32_BIT_CONVERSION = YES;
				GCC_WARN_ABOUT_RETURN_TYPE = YES_ERROR;
				GCC_WARN_UNDECLARED_SELECTOR = YES;
				GCC_WARN_UNINITIALIZED_AUTOS = YES_AGGRESSIVE;
				GCC_WARN_UNUSED_FUNCTION = YES;
				GCC_WARN_UNUSED_VARIABLE = YES;
				IPHONEOS_DEPLOYMENT_TARGET = 8.1;
				MTL_ENABLE_DEBUG_INFO = NO;
				SDKROOT = iphoneos;
				VALIDATE_PRODUCT = YES;
			};
			name = Release;
		};
		B07339971A20CF38003A1A38 /* Debug */ = {
			isa = XCBuildConfiguration;
			buildSettings = {
				ASSETCATALOG_COMPILER_APPICON_NAME = AppIcon;
				INFOPLIST_FILE = "01.聊天室/Info.plist";
				LD_RUNPATH_SEARCH_PATHS = "$(inherited) @executable_path/Frameworks";
				PRODUCT_NAME = "$(TARGET_NAME)";
			};
			name = Debug;
		};
		B07339981A20CF38003A1A38 /* Release */ = {
			isa = XCBuildConfiguration;
			buildSettings = {
				ASSETCATALOG_COMPILER_APPICON_NAME = AppIcon;
				INFOPLIST_FILE = "01.聊天室/Info.plist";
				LD_RUNPATH_SEARCH_PATHS = "$(inherited) @executable_path/Frameworks";
				PRODUCT_NAME = "$(TARGET_NAME)";
			};
			name = Release;
		};
		B073399A1A20CF38003A1A38 /* Debug */ = {
			isa = XCBuildConfiguration;
			buildSettings = {
				BUNDLE_LOADER = "$(TEST_HOST)";
				FRAMEWORK_SEARCH_PATHS = (
					"$(SDKROOT)/Developer/Library/Frameworks",
					"$(inherited)",
				);
				GCC_PREPROCESSOR_DEFINITIONS = (
					"DEBUG=1",
					"$(inherited)",
				);
				INFOPLIST_FILE = "01.聊天室Tests/Info.plist";
				LD_RUNPATH_SEARCH_PATHS = "$(inherited) @executable_path/Frameworks @loader_path/Frameworks";
				PRODUCT_NAME = "$(TARGET_NAME)";
				TEST_HOST = "$(BUILT_PRODUCTS_DIR)/01.聊天室.app/01.聊天室";
			};
			name = Debug;
		};
		B073399B1A20CF38003A1A38 /* Release */ = {
			isa = XCBuildConfiguration;
			buildSettings = {
				BUNDLE_LOADER = "$(TEST_HOST)";
				FRAMEWORK_SEARCH_PATHS = (
					"$(SDKROOT)/Developer/Library/Frameworks",
					"$(inherited)",
				);
				INFOPLIST_FILE = "01.聊天室Tests/Info.plist";
				LD_RUNPATH_SEARCH_PATHS = "$(inherited) @executable_path/Frameworks @loader_path/Frameworks";
				PRODUCT_NAME = "$(TARGET_NAME)";
				TEST_HOST = "$(BUILT_PRODUCTS_DIR)/01.聊天室.app/01.聊天室";
			};
			name = Release;
		};
/* End XCBuildConfiguration section */

/* Begin XCConfigurationList section */
		B073396E1A20CF38003A1A38 /* Build configuration list for PBXProject "01.聊天室" */ = {
			isa = XCConfigurationList;
			buildConfigurations = (
				B07339941A20CF38003A1A38 /* Debug */,
				B07339951A20CF38003A1A38 /* Release */,
			);
			defaultConfigurationIsVisible = 0;
			defaultConfigurationName = Release;
		};
		B07339961A20CF38003A1A38 /* Build configuration list for PBXNativeTarget "01.聊天室" */ = {
			isa = XCConfigurationList;
			buildConfigurations = (
				B07339971A20CF38003A1A38 /* Debug */,
				B07339981A20CF38003A1A38 /* Release */,
			);
			defaultConfigurationIsVisible = 0;
		};
		B07339991A20CF38003A1A38 /* Build configuration list for PBXNativeTarget "01.聊天室Tests" */ = {
			isa = XCConfigurationList;
			buildConfigurations = (
				B073399A1A20CF38003A1A38 /* Debug */,
				B073399B1A20CF38003A1A38 /* Release */,
			);
			defaultConfigurationIsVisible = 0;
		};
/* End XCConfigurationList section */
	};
	rootObject = B073396B1A20CF38003A1A38 /* Project object */;
}
