// !$*UTF8*$!
{
	archiveVersion = 1;
	classes = {
	};
	objectVersion = 46;
	objects = {

/* Begin PBXBuildFile section */
		C831CE3B1B56017800C3AFD4 /* Info.plist in Resources */ = {isa = PBXBuildFile; fileRef = C8A074F31B55F847000AC691 /* Info.plist */; };
		C831CE3D1B56019400C3AFD4 /* Main.storyboard in Resources */ = {isa = PBXBuildFile; fileRef = C831CE3C1B56019400C3AFD4 /* Main.storyboard */; };
		C831CE401B56026300C3AFD4 /* ViewController.m in Sources */ = {isa = PBXBuildFile; fileRef = C831CE3F1B56026300C3AFD4 /* ViewController.m */; };
		C831CE491B56028F00C3AFD4 /* AppDelegate.m in Sources */ = {isa = PBXBuildFile; fileRef = C831CE481B56028F00C3AFD4 /* AppDelegate.m */; };
		C831CE4B1B56036900C3AFD4 /* UITests.m in Sources */ = {isa = PBXBuildFile; fileRef = C831CE4A1B56036900C3AFD4 /* UITests.m */; };
		C831CE511B5632CC00C3AFD4 /* SearchResultsViewController.m in Sources */ = {isa = PBXBuildFile; fileRef = C831CE501B5632CC00C3AFD4 /* SearchResultsViewController.m */; };
		C831CE541B56330E00C3AFD4 /* SearchViewController.m in Sources */ = {isa = PBXBuildFile; fileRef = C831CE531B56330E00C3AFD4 /* SearchViewController.m */; };
		C83204EF1B6B0E09009DC1C2 /* RecordCell.m in Sources */ = {isa = PBXBuildFile; fileRef = C83204ED1B6B0E09009DC1C2 /* RecordCell.m */; };
		C83204F01B6B0E09009DC1C2 /* RecordCell.xib in Resources */ = {isa = PBXBuildFile; fileRef = C83204EE1B6B0E09009DC1C2 /* RecordCell.xib */; };
		C849D64B1B74881800A98940 /* Record.m in Sources */ = {isa = PBXBuildFile; fileRef = C849D64A1B74881800A98940 /* Record.m */; };
		C86857A71B704D120096C850 /* MBProgressHUD+CZ.m in Sources */ = {isa = PBXBuildFile; fileRef = C86857A31B704D120096C850 /* MBProgressHUD+CZ.m */; };
		C86857A81B704D120096C850 /* MBProgressHUD.bundle in Resources */ = {isa = PBXBuildFile; fileRef = C86857A41B704D120096C850 /* MBProgressHUD.bundle */; };
		C86857A91B704D120096C850 /* MBProgressHUD.m in Sources */ = {isa = PBXBuildFile; fileRef = C86857A61B704D120096C850 /* MBProgressHUD.m */; };
		C87302FA1B65ED5300DADCA7 /* Images.xcassets in Resources */ = {isa = PBXBuildFile; fileRef = C87302F91B65ED5300DADCA7 /* Images.xcassets */; };
		C8A074F51B55F847000AC691 /* main.m in Sources */ = {isa = PBXBuildFile; fileRef = C8A074F41B55F847000AC691 /* main.m */; };
		C8A075031B55F847000AC691 /* LaunchScreen.xib in Resources */ = {isa = PBXBuildFile; fileRef = C8A075011B55F847000AC691 /* LaunchScreen.xib */; };
		C8B9EB6A1B6A0863002708CE /* Records.xcdatamodeld in Sources */ = {isa = PBXBuildFile; fileRef = C8B9EB681B6A0863002708CE /* Records.xcdatamodeld */; };
		C8B9EB6D1B6A08E8002708CE /* TestDataViewController.m in Sources */ = {isa = PBXBuildFile; fileRef = C8B9EB6C1B6A08E8002708CE /* TestDataViewController.m */; };
		C8E5EB0A1B5D3C620053F662 /* SocketViewController.m in Sources */ = {isa = PBXBuildFile; fileRef = C8E5EB091B5D3C620053F662 /* SocketViewController.m */; };
		C8EC4B381B6CEA2700B4BE4D /* GCDAsyncSocket.m in Sources */ = {isa = PBXBuildFile; fileRef = C8EC4B371B6CEA2700B4BE4D /* GCDAsyncSocket.m */; };
		C8F64C261B6515D300FBF2D5 /* KeyboardToolbar.xib in Resources */ = {isa = PBXBuildFile; fileRef = C8F64C251B6515D300FBF2D5 /* KeyboardToolbar.xib */; };
		C8F64C291B65162D00FBF2D5 /* KeyboardToolbar.m in Sources */ = {isa = PBXBuildFile; fileRef = C8F64C281B65162D00FBF2D5 /* KeyboardToolbar.m */; };
/* End PBXBuildFile section */

/* Begin PBXContainerItemProxy section */
		C8A075091B55F848000AC691 /* PBXContainerItemProxy */ = {
			isa = PBXContainerItemProxy;
			containerPortal = C8A074E71B55F847000AC691 /* Project object */;
			proxyType = 1;
			remoteGlobalIDString = C8A074EE1B55F847000AC691;
			remoteInfo = UI;
		};
/* End PBXContainerItemProxy section */

/* Begin PBXFileReference section */
		C831CE3C1B56019400C3AFD4 /* Main.storyboard */ = {isa = PBXFileReference; fileEncoding = 4; lastKnownFileType = file.storyboard; path = Main.storyboard; sourceTree = "<group>"; };
		C831CE3E1B56026300C3AFD4 /* ViewController.h */ = {isa = PBXFileReference; fileEncoding = 4; lastKnownFileType = sourcecode.c.h; path = ViewController.h; sourceTree = "<group>"; };
		C831CE3F1B56026300C3AFD4 /* ViewController.m */ = {isa = PBXFileReference; fileEncoding = 4; lastKnownFileType = sourcecode.c.objc; path = ViewController.m; sourceTree = "<group>"; };
		C831CE471B56028F00C3AFD4 /* AppDelegate.h */ = {isa = PBXFileReference; fileEncoding = 4; lastKnownFileType = sourcecode.c.h; path = AppDelegate.h; sourceTree = "<group>"; };
		C831CE481B56028F00C3AFD4 /* AppDelegate.m */ = {isa = PBXFileReference; fileEncoding = 4; lastKnownFileType = sourcecode.c.objc; path = AppDelegate.m; sourceTree = "<group>"; };
		C831CE4A1B56036900C3AFD4 /* UITests.m */ = {isa = PBXFileReference; fileEncoding = 4; lastKnownFileType = sourcecode.c.objc; path = UITests.m; sourceTree = "<group>"; };
		C831CE4F1B5632CC00C3AFD4 /* SearchResultsViewController.h */ = {isa = PBXFileReference; fileEncoding = 4; lastKnownFileType = sourcecode.c.h; path = SearchResultsViewController.h; sourceTree = "<group>"; };
		C831CE501B5632CC00C3AFD4 /* SearchResultsViewController.m */ = {isa = PBXFileReference; fileEncoding = 4; lastKnownFileType = sourcecode.c.objc; path = SearchResultsViewController.m; sourceTree = "<group>"; };
		C831CE521B56330E00C3AFD4 /* SearchViewController.h */ = {isa = PBXFileReference; fileEncoding = 4; lastKnownFileType = sourcecode.c.h; path = SearchViewController.h; sourceTree = "<group>"; };
		C831CE531B56330E00C3AFD4 /* SearchViewController.m */ = {isa = PBXFileReference; fileEncoding = 4; lastKnownFileType = sourcecode.c.objc; path = SearchViewController.m; sourceTree = "<group>"; };
		C83204EC1B6B0E09009DC1C2 /* RecordCell.h */ = {isa = PBXFileReference; fileEncoding = 4; lastKnownFileType = sourcecode.c.h; path = RecordCell.h; sourceTree = "<group>"; };
		C83204ED1B6B0E09009DC1C2 /* RecordCell.m */ = {isa = PBXFileReference; fileEncoding = 4; lastKnownFileType = sourcecode.c.objc; path = RecordCell.m; sourceTree = "<group>"; };
		C83204EE1B6B0E09009DC1C2 /* RecordCell.xib */ = {isa = PBXFileReference; fileEncoding = 4; lastKnownFileType = file.xib; path = RecordCell.xib; sourceTree = "<group>"; };
		C849D6491B74881800A98940 /* Record.h */ = {isa = PBXFileReference; fileEncoding = 4; lastKnownFileType = sourcecode.c.h; path = Record.h; sourceTree = "<group>"; };
		C849D64A1B74881800A98940 /* Record.m */ = {isa = PBXFileReference; fileEncoding = 4; lastKnownFileType = sourcecode.c.objc; path = Record.m; sourceTree = "<group>"; };
		C86857A21B704D120096C850 /* MBProgressHUD+CZ.h */ = {isa = PBXFileReference; fileEncoding = 4; lastKnownFileType = sourcecode.c.h; path = "MBProgressHUD+CZ.h"; sourceTree = "<group>"; };
		C86857A31B704D120096C850 /* MBProgressHUD+CZ.m */ = {isa = PBXFileReference; fileEncoding = 4; lastKnownFileType = sourcecode.c.objc; path = "MBProgressHUD+CZ.m"; sourceTree = "<group>"; };
		C86857A41B704D120096C850 /* MBProgressHUD.bundle */ = {isa = PBXFileReference; lastKnownFileType = "wrapper.plug-in"; path = MBProgressHUD.bundle; sourceTree = "<group>"; };
		C86857A51B704D120096C850 /* MBProgressHUD.h */ = {isa = PBXFileReference; fileEncoding = 4; lastKnownFileType = sourcecode.c.h; path = MBProgressHUD.h; sourceTree = "<group>"; };
		C86857A61B704D120096C850 /* MBProgressHUD.m */ = {isa = PBXFileReference; fileEncoding = 4; lastKnownFileType = sourcecode.c.objc; path = MBProgressHUD.m; sourceTree = "<group>"; };
		C87302F91B65ED5300DADCA7 /* Images.xcassets */ = {isa = PBXFileReference; lastKnownFileType = folder.assetcatalog; path = Images.xcassets; sourceTree = "<group>"; };
		C8A074EF1B55F847000AC691 /* UI.app */ = {isa = PBXFileReference; explicitFileType = wrapper.application; includeInIndex = 0; path = UI.app; sourceTree = BUILT_PRODUCTS_DIR; };
		C8A074F31B55F847000AC691 /* Info.plist */ = {isa = PBXFileReference; fileEncoding = 4; lastKnownFileType = text.plist.xml; path = Info.plist; sourceTree = "<group>"; };
		C8A074F41B55F847000AC691 /* main.m */ = {isa = PBXFileReference; fileEncoding = 4; lastKnownFileType = sourcecode.c.objc; path = main.m; sourceTree = "<group>"; };
		C8A075021B55F847000AC691 /* Base */ = {isa = PBXFileReference; lastKnownFileType = file.xib; name = Base; path = Base.lproj/LaunchScreen.xib; sourceTree = "<group>"; };
		C8A075081B55F848000AC691 /* UITests.xctest */ = {isa = PBXFileReference; explicitFileType = wrapper.cfbundle; includeInIndex = 0; path = UITests.xctest; sourceTree = BUILT_PRODUCTS_DIR; };
		C8A0750D1B55F848000AC691 /* Info.plist */ = {isa = PBXFileReference; lastKnownFileType = text.plist.xml; path = Info.plist; sourceTree = "<group>"; };
		C8B9EB691B6A0863002708CE /* Records.xcdatamodel */ = {isa = PBXFileReference; lastKnownFileType = wrapper.xcdatamodel; path = Records.xcdatamodel; sourceTree = "<group>"; };
		C8B9EB6B1B6A08E8002708CE /* TestDataViewController.h */ = {isa = PBXFileReference; fileEncoding = 4; lastKnownFileType = sourcecode.c.h; path = TestDataViewController.h; sourceTree = "<group>"; };
		C8B9EB6C1B6A08E8002708CE /* TestDataViewController.m */ = {isa = PBXFileReference; fileEncoding = 4; lastKnownFileType = sourcecode.c.objc; path = TestDataViewController.m; sourceTree = "<group>"; };
		C8E5EB081B5D3C620053F662 /* SocketViewController.h */ = {isa = PBXFileReference; fileEncoding = 4; lastKnownFileType = sourcecode.c.h; path = SocketViewController.h; sourceTree = "<group>"; };
		C8E5EB091B5D3C620053F662 /* SocketViewController.m */ = {isa = PBXFileReference; fileEncoding = 4; lastKnownFileType = sourcecode.c.objc; path = SocketViewController.m; sourceTree = "<group>"; };
		C8EC4B361B6CEA2700B4BE4D /* GCDAsyncSocket.h */ = {isa = PBXFileReference; fileEncoding = 4; lastKnownFileType = sourcecode.c.h; path = GCDAsyncSocket.h; sourceTree = "<group>"; };
		C8EC4B371B6CEA2700B4BE4D /* GCDAsyncSocket.m */ = {isa = PBXFileReference; fileEncoding = 4; lastKnownFileType = sourcecode.c.objc; path = GCDAsyncSocket.m; sourceTree = "<group>"; };
		C8F64C251B6515D300FBF2D5 /* KeyboardToolbar.xib */ = {isa = PBXFileReference; fileEncoding = 4; lastKnownFileType = file.xib; path = KeyboardToolbar.xib; sourceTree = "<group>"; };
		C8F64C271B65162D00FBF2D5 /* KeyboardToolbar.h */ = {isa = PBXFileReference; fileEncoding = 4; lastKnownFileType = sourcecode.c.h; path = KeyboardToolbar.h; sourceTree = "<group>"; };
		C8F64C281B65162D00FBF2D5 /* KeyboardToolbar.m */ = {isa = PBXFileReference; fileEncoding = 4; lastKnownFileType = sourcecode.c.objc; path = KeyboardToolbar.m; sourceTree = "<group>"; };
/* End PBXFileReference section */

/* Begin PBXFrameworksBuildPhase section */
		C8A074EC1B55F847000AC691 /* Frameworks */ = {
			isa = PBXFrameworksBuildPhase;
			buildActionMask = 2147483647;
			files = (
			);
			runOnlyForDeploymentPostprocessing = 0;
		};
		C8A075051B55F848000AC691 /* Frameworks */ = {
			isa = PBXFrameworksBuildPhase;
			buildActionMask = 2147483647;
			files = (
			);
			runOnlyForDeploymentPostprocessing = 0;
		};
/* End PBXFrameworksBuildPhase section */

/* Begin PBXGroup section */
		C83204F11B6B143E009DC1C2 /* RecordCell */ = {
			isa = PBXGroup;
			children = (
				C83204EC1B6B0E09009DC1C2 /* RecordCell.h */,
				C83204ED1B6B0E09009DC1C2 /* RecordCell.m */,
				C83204EE1B6B0E09009DC1C2 /* RecordCell.xib */,
			);
			name = RecordCell;
			sourceTree = "<group>";
		};
		C854E81B1B6A568400323A65 /* Model */ = {
			isa = PBXGroup;
			children = (
				C8B9EB681B6A0863002708CE /* Records.xcdatamodeld */,
				C849D6491B74881800A98940 /* Record.h */,
				C849D64A1B74881800A98940 /* Record.m */,
				C8B9EB6B1B6A08E8002708CE /* TestDataViewController.h */,
				C8B9EB6C1B6A08E8002708CE /* TestDataViewController.m */,
			);
			name = Model;
			sourceTree = "<group>";
		};
		C86857A11B704D120096C850 /* MBProgressHUD */ = {
			isa = PBXGroup;
			children = (
				C86857A21B704D120096C850 /* MBProgressHUD+CZ.h */,
				C86857A31B704D120096C850 /* MBProgressHUD+CZ.m */,
				C86857A41B704D120096C850 /* MBProgressHUD.bundle */,
				C86857A51B704D120096C850 /* MBProgressHUD.h */,
				C86857A61B704D120096C850 /* MBProgressHUD.m */,
			);
			path = MBProgressHUD;
			sourceTree = "<group>";
		};
		C8A074E61B55F847000AC691 = {
			isa = PBXGroup;
			children = (
				C8A074F11B55F847000AC691 /* UI */,
				C8A0750B1B55F848000AC691 /* UITests */,
				C8A074F01B55F847000AC691 /* Products */,
			);
			sourceTree = "<group>";
		};
		C8A074F01B55F847000AC691 /* Products */ = {
			isa = PBXGroup;
			children = (
				C8A074EF1B55F847000AC691 /* UI.app */,
				C8A075081B55F848000AC691 /* UITests.xctest */,
			);
			name = Products;
			sourceTree = "<group>";
		};
		C8A074F11B55F847000AC691 /* UI */ = {
			isa = PBXGroup;
			children = (
				C86857A11B704D120096C850 /* MBProgressHUD */,
				C854E81B1B6A568400323A65 /* Model */,
				C8ED237B1B57585E00772367 /* other */,
				C8E5EB071B5D3AE20053F662 /* Socket */,
				C8E5EB061B5D3A630053F662 /* UIViewController */,
				C831CE3C1B56019400C3AFD4 /* Main.storyboard */,
				C8A075011B55F847000AC691 /* LaunchScreen.xib */,
				C8A074F21B55F847000AC691 /* Supporting Files */,
			);
			path = UI;
			sourceTree = "<group>";
		};
		C8A074F21B55F847000AC691 /* Supporting Files */ = {
			isa = PBXGroup;
			children = (
				C87302F91B65ED5300DADCA7 /* Images.xcassets */,
				C8A074F31B55F847000AC691 /* Info.plist */,
				C8A074F41B55F847000AC691 /* main.m */,
			);
			name = "Supporting Files";
			sourceTree = "<group>";
		};
		C8A0750B1B55F848000AC691 /* UITests */ = {
			isa = PBXGroup;
			children = (
				C831CE4A1B56036900C3AFD4 /* UITests.m */,
				C8A0750C1B55F848000AC691 /* Supporting Files */,
			);
			path = UITests;
			sourceTree = "<group>";
		};
		C8A0750C1B55F848000AC691 /* Supporting Files */ = {
			isa = PBXGroup;
			children = (
				C8A0750D1B55F848000AC691 /* Info.plist */,
			);
			name = "Supporting Files";
			sourceTree = "<group>";
		};
		C8E585C31B61EC4900FA3950 /* InitialView */ = {
			isa = PBXGroup;
			children = (
				C831CE3E1B56026300C3AFD4 /* ViewController.h */,
				C831CE3F1B56026300C3AFD4 /* ViewController.m */,
			);
			name = InitialView;
			sourceTree = "<group>";
		};
		C8E585C41B61EC6300FA3950 /* SearchResult */ = {
			isa = PBXGroup;
			children = (
				C831CE4F1B5632CC00C3AFD4 /* SearchResultsViewController.h */,
				C831CE501B5632CC00C3AFD4 /* SearchResultsViewController.m */,
				C83204F11B6B143E009DC1C2 /* RecordCell */,
			);
			name = SearchResult;
			sourceTree = "<group>";
		};
		C8E5EB061B5D3A630053F662 /* UIViewController */ = {
			isa = PBXGroup;
			children = (
				C8F64C211B64C61700FBF2D5 /* Search */,
				C8E585C41B61EC6300FA3950 /* SearchResult */,
				C8E585C31B61EC4900FA3950 /* InitialView */,
			);
			name = UIViewController;
			sourceTree = "<group>";
		};
		C8E5EB071B5D3AE20053F662 /* Socket */ = {
			isa = PBXGroup;
			children = (
				C8EC4B361B6CEA2700B4BE4D /* GCDAsyncSocket.h */,
				C8EC4B371B6CEA2700B4BE4D /* GCDAsyncSocket.m */,
				C8E5EB081B5D3C620053F662 /* SocketViewController.h */,
				C8E5EB091B5D3C620053F662 /* SocketViewController.m */,
			);
			name = Socket;
			sourceTree = "<group>";
		};
		C8ED237B1B57585E00772367 /* other */ = {
			isa = PBXGroup;
			children = (
				C831CE471B56028F00C3AFD4 /* AppDelegate.h */,
				C831CE481B56028F00C3AFD4 /* AppDelegate.m */,
			);
			name = other;
			sourceTree = "<group>";
		};
		C8F64C211B64C61700FBF2D5 /* Search */ = {
			isa = PBXGroup;
			children = (
				C831CE521B56330E00C3AFD4 /* SearchViewController.h */,
				C831CE531B56330E00C3AFD4 /* SearchViewController.m */,
				C8F64C221B65125200FBF2D5 /* KeyboardToolbar */,
			);
			name = Search;
			sourceTree = "<group>";
		};
		C8F64C221B65125200FBF2D5 /* KeyboardToolbar */ = {
			isa = PBXGroup;
			children = (
				C8F64C251B6515D300FBF2D5 /* KeyboardToolbar.xib */,
				C8F64C271B65162D00FBF2D5 /* KeyboardToolbar.h */,
				C8F64C281B65162D00FBF2D5 /* KeyboardToolbar.m */,
			);
			name = KeyboardToolbar;
			sourceTree = "<group>";
		};
/* End PBXGroup section */

/* Begin PBXNativeTarget section */
		C8A074EE1B55F847000AC691 /* UI */ = {
			isa = PBXNativeTarget;
			buildConfigurationList = C8A075121B55F848000AC691 /* Build configuration list for PBXNativeTarget "UI" */;
			buildPhases = (
				C8A074EB1B55F847000AC691 /* Sources */,
				C8A074EC1B55F847000AC691 /* Frameworks */,
				C8A074ED1B55F847000AC691 /* Resources */,
			);
			buildRules = (
			);
			dependencies = (
			);
			name = UI;
			productName = UI;
			productReference = C8A074EF1B55F847000AC691 /* UI.app */;
			productType = "com.apple.product-type.application";
		};
		C8A075071B55F848000AC691 /* UITests */ = {
			isa = PBXNativeTarget;
			buildConfigurationList = C8A075151B55F848000AC691 /* Build configuration list for PBXNativeTarget "UITests" */;
			buildPhases = (
				C8A075041B55F848000AC691 /* Sources */,
				C8A075051B55F848000AC691 /* Frameworks */,
				C8A075061B55F848000AC691 /* Resources */,
			);
			buildRules = (
			);
			dependencies = (
				C8A0750A1B55F848000AC691 /* PBXTargetDependency */,
			);
			name = UITests;
			productName = UITests;
			productReference = C8A075081B55F848000AC691 /* UITests.xctest */;
			productType = "com.apple.product-type.bundle.unit-test";
		};
/* End PBXNativeTarget section */

/* Begin PBXProject section */
		C8A074E71B55F847000AC691 /* Project object */ = {
			isa = PBXProject;
			attributes = {
				LastUpgradeCheck = 0640;
				ORGANIZATIONNAME = liveabean;
				TargetAttributes = {
					C8A074EE1B55F847000AC691 = {
						CreatedOnToolsVersion = 6.4;
					};
					C8A075071B55F848000AC691 = {
						CreatedOnToolsVersion = 6.4;
						TestTargetID = C8A074EE1B55F847000AC691;
					};
				};
			};
			buildConfigurationList = C8A074EA1B55F847000AC691 /* Build configuration list for PBXProject "UI" */;
			compatibilityVersion = "Xcode 3.2";
			developmentRegion = English;
			hasScannedForEncodings = 0;
			knownRegions = (
				en,
				Base,
			);
			mainGroup = C8A074E61B55F847000AC691;
			productRefGroup = C8A074F01B55F847000AC691 /* Products */;
			projectDirPath = "";
			projectRoot = "";
			targets = (
				C8A074EE1B55F847000AC691 /* UI */,
				C8A075071B55F848000AC691 /* UITests */,
			);
		};
/* End PBXProject section */

/* Begin PBXResourcesBuildPhase section */
		C8A074ED1B55F847000AC691 /* Resources */ = {
			isa = PBXResourcesBuildPhase;
			buildActionMask = 2147483647;
			files = (
				C83204F01B6B0E09009DC1C2 /* RecordCell.xib in Resources */,
				C831CE3B1B56017800C3AFD4 /* Info.plist in Resources */,
				C87302FA1B65ED5300DADCA7 /* Images.xcassets in Resources */,
				C831CE3D1B56019400C3AFD4 /* Main.storyboard in Resources */,
				C8F64C261B6515D300FBF2D5 /* KeyboardToolbar.xib in Resources */,
				C8A075031B55F847000AC691 /* LaunchScreen.xib in Resources */,
				C86857A81B704D120096C850 /* MBProgressHUD.bundle in Resources */,
			);
			runOnlyForDeploymentPostprocessing = 0;
		};
		C8A075061B55F848000AC691 /* Resources */ = {
			isa = PBXResourcesBuildPhase;
			buildActionMask = 2147483647;
			files = (
			);
			runOnlyForDeploymentPostprocessing = 0;
		};
/* End PBXResourcesBuildPhase section */

/* Begin PBXSourcesBuildPhase section */
		C8A074EB1B55F847000AC691 /* Sources */ = {
			isa = PBXSourcesBuildPhase;
			buildActionMask = 2147483647;
			files = (
				C8EC4B381B6CEA2700B4BE4D /* GCDAsyncSocket.m in Sources */,
				C831CE401B56026300C3AFD4 /* ViewController.m in Sources */,
				C849D64B1B74881800A98940 /* Record.m in Sources */,
				C8A074F51B55F847000AC691 /* main.m in Sources */,
				C831CE511B5632CC00C3AFD4 /* SearchResultsViewController.m in Sources */,
				C8B9EB6A1B6A0863002708CE /* Records.xcdatamodeld in Sources */,
				C8B9EB6D1B6A08E8002708CE /* TestDataViewController.m in Sources */,
				C86857A91B704D120096C850 /* MBProgressHUD.m in Sources */,
				C8E5EB0A1B5D3C620053F662 /* SocketViewController.m in Sources */,
				C83204EF1B6B0E09009DC1C2 /* RecordCell.m in Sources */,
				C8F64C291B65162D00FBF2D5 /* KeyboardToolbar.m in Sources */,
				C831CE491B56028F00C3AFD4 /* AppDelegate.m in Sources */,
				C86857A71B704D120096C850 /* MBProgressHUD+CZ.m in Sources */,
				C831CE541B56330E00C3AFD4 /* SearchViewController.m in Sources */,
			);
			runOnlyForDeploymentPostprocessing = 0;
		};
		C8A075041B55F848000AC691 /* Sources */ = {
			isa = PBXSourcesBuildPhase;
			buildActionMask = 2147483647;
			files = (
				C831CE4B1B56036900C3AFD4 /* UITests.m in Sources */,
			);
			runOnlyForDeploymentPostprocessing = 0;
		};
/* End PBXSourcesBuildPhase section */

/* Begin PBXTargetDependency section */
		C8A0750A1B55F848000AC691 /* PBXTargetDependency */ = {
			isa = PBXTargetDependency;
			target = C8A074EE1B55F847000AC691 /* UI */;
			targetProxy = C8A075091B55F848000AC691 /* PBXContainerItemProxy */;
		};
/* End PBXTargetDependency section */

/* Begin PBXVariantGroup section */
		C8A075011B55F847000AC691 /* LaunchScreen.xib */ = {
			isa = PBXVariantGroup;
			children = (
				C8A075021B55F847000AC691 /* Base */,
			);
			name = LaunchScreen.xib;
			sourceTree = "<group>";
		};
/* End PBXVariantGroup section */

/* Begin XCBuildConfiguration section */
		C8A075101B55F848000AC691 /* Debug */ = {
			isa = XCBuildConfiguration;
			buildSettings = {
				ALWAYS_SEARCH_USER_PATHS = NO;
				CLANG_CXX_LANGUAGE_STANDARD = "gnu++0x";
				CLANG_CXX_LIBRARY = "libc++";
				CLANG_ENABLE_MODULES = YES;
				CLANG_ENABLE_OBJC_ARC = YES;
				CLANG_WARN_BOOL_CONVERSION = YES;
				CLANG_WARN_CONSTANT_CONVERSION = YES;
				CLANG_WARN_DIRECT_OBJC_ISA_USAGE = YES_ERROR;
				CLANG_WARN_EMPTY_BODY = YES;
				CLANG_WARN_ENUM_CONVERSION = YES;
				CLANG_WARN_INT_CONVERSION = YES;
				CLANG_WARN_OBJC_ROOT_CLASS = YES_ERROR;
				CLANG_WARN_UNREACHABLE_CODE = YES;
				CLANG_WARN__DUPLICATE_METHOD_MATCH = YES;
				"CODE_SIGN_IDENTITY[sdk=iphoneos*]" = "iPhone Developer";
				COPY_PHASE_STRIP = NO;
				DEBUG_INFORMATION_FORMAT = "dwarf-with-dsym";
				ENABLE_STRICT_OBJC_MSGSEND = YES;
				GCC_C_LANGUAGE_STANDARD = gnu99;
				GCC_DYNAMIC_NO_PIC = NO;
				GCC_NO_COMMON_BLOCKS = YES;
				GCC_OPTIMIZATION_LEVEL = 0;
				GCC_PREPROCESSOR_DEFINITIONS = (
					"DEBUG=1",
					"$(inherited)",
				);
				GCC_SYMBOLS_PRIVATE_EXTERN = NO;
				GCC_WARN_64_TO_32_BIT_CONVERSION = YES;
				GCC_WARN_ABOUT_RETURN_TYPE = YES_ERROR;
				GCC_WARN_UNDECLARED_SELECTOR = YES;
				GCC_WARN_UNINITIALIZED_AUTOS = YES_AGGRESSIVE;
				GCC_WARN_UNUSED_FUNCTION = YES;
				GCC_WARN_UNUSED_VARIABLE = YES;
				IPHONEOS_DEPLOYMENT_TARGET = 8.4;
				MTL_ENABLE_DEBUG_INFO = YES;
				ONLY_ACTIVE_ARCH = YES;
				SDKROOT = iphoneos;
			};
			name = Debug;
		};
		C8A075111B55F848000AC691 /* Release */ = {
			isa = XCBuildConfiguration;
			buildSettings = {
				ALWAYS_SEARCH_USER_PATHS = NO;
				CLANG_CXX_LANGUAGE_STANDARD = "gnu++0x";
				CLANG_CXX_LIBRARY = "libc++";
				CLANG_ENABLE_MODULES = YES;
				CLANG_ENABLE_OBJC_ARC = YES;
				CLANG_WARN_BOOL_CONVERSION = YES;
				CLANG_WARN_CONSTANT_CONVERSION = YES;
				CLANG_WARN_DIRECT_OBJC_ISA_USAGE = YES_ERROR;
				CLANG_WARN_EMPTY_BODY = YES;
				CLANG_WARN_ENUM_CONVERSION = YES;
				CLANG_WARN_INT_CONVERSION = YES;
				CLANG_WARN_OBJC_ROOT_CLASS = YES_ERROR;
				CLANG_WARN_UNREACHABLE_CODE = YES;
				CLANG_WARN__DUPLICATE_METHOD_MATCH = YES;
				"CODE_SIGN_IDENTITY[sdk=iphoneos*]" = "iPhone Developer";
				COPY_PHASE_STRIP = NO;
				DEBUG_INFORMATION_FORMAT = "dwarf-with-dsym";
				ENABLE_NS_ASSERTIONS = NO;
				ENABLE_STRICT_OBJC_MSGSEND = YES;
				GCC_C_LANGUAGE_STANDARD = gnu99;
				GCC_NO_COMMON_BLOCKS = YES;
				GCC_WARN_64_TO_32_BIT_CONVERSION = YES;
				GCC_WARN_ABOUT_RETURN_TYPE = YES_ERROR;
				GCC_WARN_UNDECLARED_SELECTOR = YES;
				GCC_WARN_UNINITIALIZED_AUTOS = YES_AGGRESSIVE;
				GCC_WARN_UNUSED_FUNCTION = YES;
				GCC_WARN_UNUSED_VARIABLE = YES;
				IPHONEOS_DEPLOYMENT_TARGET = 8.4;
				MTL_ENABLE_DEBUG_INFO = NO;
				SDKROOT = iphoneos;
				VALIDATE_PRODUCT = YES;
			};
			name = Release;
		};
		C8A075131B55F848000AC691 /* Debug */ = {
			isa = XCBuildConfiguration;
			buildSettings = {
				ASSETCATALOG_COMPILER_APPICON_NAME = AppIcon;
				ASSETCATALOG_COMPILER_LAUNCHIMAGE_NAME = LaunchImage;
				INFOPLIST_FILE = UI/Info.plist;
				IPHONEOS_DEPLOYMENT_TARGET = 8.4;
				LD_RUNPATH_SEARCH_PATHS = "$(inherited) @executable_path/Frameworks";
				PRODUCT_NAME = "$(TARGET_NAME)";
			};
			name = Debug;
		};
		C8A075141B55F848000AC691 /* Release */ = {
			isa = XCBuildConfiguration;
			buildSettings = {
				ASSETCATALOG_COMPILER_APPICON_NAME = AppIcon;
				ASSETCATALOG_COMPILER_LAUNCHIMAGE_NAME = LaunchImage;
				INFOPLIST_FILE = UI/Info.plist;
				IPHONEOS_DEPLOYMENT_TARGET = 8.4;
				LD_RUNPATH_SEARCH_PATHS = "$(inherited) @executable_path/Frameworks";
				PRODUCT_NAME = "$(TARGET_NAME)";
			};
			name = Release;
		};
		C8A075161B55F848000AC691 /* Debug */ = {
			isa = XCBuildConfiguration;
			buildSettings = {
				BUNDLE_LOADER = "$(TEST_HOST)";
				FRAMEWORK_SEARCH_PATHS = (
					"$(SDKROOT)/Developer/Library/Frameworks",
					"$(inherited)",
				);
				GCC_PREPROCESSOR_DEFINITIONS = (
					"DEBUG=1",
					"$(inherited)",
				);
				INFOPLIST_FILE = UITests/Info.plist;
				LD_RUNPATH_SEARCH_PATHS = "$(inherited) @executable_path/Frameworks @loader_path/Frameworks";
				PRODUCT_NAME = "$(TARGET_NAME)";
				TEST_HOST = "$(BUILT_PRODUCTS_DIR)/UI.app/UI";
			};
			name = Debug;
		};
		C8A075171B55F848000AC691 /* Release */ = {
			isa = XCBuildConfiguration;
			buildSettings = {
				BUNDLE_LOADER = "$(TEST_HOST)";
				FRAMEWORK_SEARCH_PATHS = (
					"$(SDKROOT)/Developer/Library/Frameworks",
					"$(inherited)",
				);
				INFOPLIST_FILE = UITests/Info.plist;
				LD_RUNPATH_SEARCH_PATHS = "$(inherited) @executable_path/Frameworks @loader_path/Frameworks";
				PRODUCT_NAME = "$(TARGET_NAME)";
				TEST_HOST = "$(BUILT_PRODUCTS_DIR)/UI.app/UI";
			};
			name = Release;
		};
/* End XCBuildConfiguration section */

/* Begin XCConfigurationList section */
		C8A074EA1B55F847000AC691 /* Build configuration list for PBXProject "UI" */ = {
			isa = XCConfigurationList;
			buildConfigurations = (
				C8A075101B55F848000AC691 /* Debug */,
				C8A075111B55F848000AC691 /* Release */,
			);
			defaultConfigurationIsVisible = 0;
			defaultConfigurationName = Release;
		};
		C8A075121B55F848000AC691 /* Build configuration list for PBXNativeTarget "UI" */ = {
			isa = XCConfigurationList;
			buildConfigurations = (
				C8A075131B55F848000AC691 /* Debug */,
				C8A075141B55F848000AC691 /* Release */,
			);
			defaultConfigurationIsVisible = 0;
			defaultConfigurationName = Release;
		};
		C8A075151B55F848000AC691 /* Build configuration list for PBXNativeTarget "UITests" */ = {
			isa = XCConfigurationList;
			buildConfigurations = (
				C8A075161B55F848000AC691 /* Debug */,
				C8A075171B55F848000AC691 /* Release */,
			);
			defaultConfigurationIsVisible = 0;
			defaultConfigurationName = Release;
		};
/* End XCConfigurationList section */

/* Begin XCVersionGroup section */
		C8B9EB681B6A0863002708CE /* Records.xcdatamodeld */ = {
			isa = XCVersionGroup;
			children = (
				C8B9EB691B6A0863002708CE /* Records.xcdatamodel */,
			);
			currentVersion = C8B9EB691B6A0863002708CE /* Records.xcdatamodel */;
			name = Records.xcdatamodeld;
			path = ../Records.xcdatamodeld;
			sourceTree = "<group>";
			versionGroupType = wrapper.xcdatamodel;
		};
/* End XCVersionGroup section */
	};
	rootObject = C8A074E71B55F847000AC691 /* Project object */;
}
